
Microsoft Visual Studio Solution File, Format Version 12.00
# Visual Studio Version 17
VisualStudioVersion = 17.10.35013.160
MinimumVisualStudioVersion = 10.0.40219.1
Project("{9A19103F-16F7-4668-BE54-9A1E7A4F7556}") = "Learning C# Programming", "Learning C# Programming\Learning C# Programming.csproj", "{1EFFDBC1-C636-497B-A90B-3D5CC682F508}"
EndProject
Project("{9A19103F-16F7-4668-BE54-9A1E7A4F7556}") = "2_Variables_in_C#", "2_Variables_in_C#\2_Variables_in_C#.csproj", "{26BBADC0-5874-4776-B1BC-5D832EA4BA5A}"
EndProject
Project("{9A19103F-16F7-4668-BE54-9A1E7A4F7556}") = "3_TypeCasting_in_C#", "3_TypeCasting_in_C#\3_TypeCasting_in_C#.csproj", "{482B189A-8CF2-4BAB-8A17-CAC99047801C}"
EndProject
Project("{9A19103F-16F7-4668-BE54-9A1E7A4F7556}") = "4_User_Input_in_C#", "4_User_Input_in_C#\4_User_Input_in_C#.csproj", "{EB6BAE65-B93B-4523-A109-CB3D6C061F7F}"
EndProject
Project("{9A19103F-16F7-4668-BE54-9A1E7A4F7556}") = "5_Arithemetic_Operators_in_C#", "5_Arithemetic_Operators_in_C#\5_Arithemetic_Operators_in_C#.csproj", "{B38FA308-D599-4CCB-AFF0-336ADCF2CCD6}"
EndProject
Project("{9A19103F-16F7-4668-BE54-9A1E7A4F7556}") = "6_Math_Functions_in_C#", "6_Math_Functions_in_C#\6_Math_Functions_in_C#.csproj", "{F95C7F88-37F8-4BD5-A644-0BFD92DB8891}"
EndProject
Project("{FAE04EC0-301F-11D3-BF4B-00C04F79EFBC}") = "7_Practice1_Hypoteneous_in_C#", "7_Practice1_Hypoteneous_in_C#\7_Practice1_Hypoteneous_in_C#.csproj", "{1113F1F7-991F-4F5F-B7FD-5F631B50A9C4}"
EndProject
Project("{FAE04EC0-301F-11D3-BF4B-00C04F79EFBC}") = "8_Strings_in_C#", "8_Strings_in_C#\8_Strings_in_C#.csproj", "{7378F6C5-C005-486C-8C01-5256D6BBAD3F}"
EndProject
Global
	GlobalSection(SolutionConfigurationPlatforms) = preSolution
		Debug|Any CPU = Debug|Any CPU
		Release|Any CPU = Release|Any CPU
	EndGlobalSection
	GlobalSection(ProjectConfigurationPlatforms) = postSolution
		{1EFFDBC1-C636-497B-A90B-3D5CC682F508}.Debug|Any CPU.ActiveCfg = Debug|Any CPU
		{1EFFDBC1-C636-497B-A90B-3D5CC682F508}.Debug|Any CPU.Build.0 = Debug|Any CPU
		{1EFFDBC1-C636-497B-A90B-3D5CC682F508}.Release|Any CPU.ActiveCfg = Release|Any CPU
		{1EFFDBC1-C636-497B-A90B-3D5CC682F508}.Release|Any CPU.Build.0 = Release|Any CPU
		{26BBADC0-5874-4776-B1BC-5D832EA4BA5A}.Debug|Any CPU.ActiveCfg = Debug|Any CPU
		{26BBADC0-5874-4776-B1BC-5D832EA4BA5A}.Debug|Any CPU.Build.0 = Debug|Any CPU
		{26BBADC0-5874-4776-B1BC-5D832EA4BA5A}.Release|Any CPU.ActiveCfg = Release|Any CPU
		{26BBADC0-5874-4776-B1BC-5D832EA4BA5A}.Release|Any CPU.Build.0 = Release|Any CPU
		{482B189A-8CF2-4BAB-8A17-CAC99047801C}.Debug|Any CPU.ActiveCfg = Debug|Any CPU
		{482B189A-8CF2-4BAB-8A17-CAC99047801C}.Debug|Any CPU.Build.0 = Debug|Any CPU
		{482B189A-8CF2-4BAB-8A17-CAC99047801C}.Release|Any CPU.ActiveCfg = Release|Any CPU
		{482B189A-8CF2-4BAB-8A17-CAC99047801C}.Release|Any CPU.Build.0 = Release|Any CPU
		{EB6BAE65-B93B-4523-A109-CB3D6C061F7F}.Debug|Any CPU.ActiveCfg = Debug|Any CPU
		{EB6BAE65-B93B-4523-A109-CB3D6C061F7F}.Debug|Any CPU.Build.0 = Debug|Any CPU
		{EB6BAE65-B93B-4523-A109-CB3D6C061F7F}.Release|Any CPU.ActiveCfg = Release|Any CPU
		{EB6BAE65-B93B-4523-A109-CB3D6C061F7F}.Release|Any CPU.Build.0 = Release|Any CPU
		{B38FA308-D599-4CCB-AFF0-336ADCF2CCD6}.Debug|Any CPU.ActiveCfg = Debug|Any CPU
		{B38FA308-D599-4CCB-AFF0-336ADCF2CCD6}.Debug|Any CPU.Build.0 = Debug|Any CPU
		{B38FA308-D599-4CCB-AFF0-336ADCF2CCD6}.Release|Any CPU.ActiveCfg = Release|Any CPU
		{B38FA308-D599-4CCB-AFF0-336ADCF2CCD6}.Release|Any CPU.Build.0 = Release|Any CPU
		{F95C7F88-37F8-4BD5-A644-0BFD92DB8891}.Debug|Any CPU.ActiveCfg = Debug|Any CPU
		{F95C7F88-37F8-4BD5-A644-0BFD92DB8891}.Debug|Any CPU.Build.0 = Debug|Any CPU
		{F95C7F88-37F8-4BD5-A644-0BFD92DB8891}.Release|Any CPU.ActiveCfg = Release|Any CPU
		{F95C7F88-37F8-4BD5-A644-0BFD92DB8891}.Release|Any CPU.Build.0 = Release|Any CPU
		{1113F1F7-991F-4F5F-B7FD-5F631B50A9C4}.Debug|Any CPU.ActiveCfg = Debug|Any CPU
		{1113F1F7-991F-4F5F-B7FD-5F631B50A9C4}.Debug|Any CPU.Build.0 = Debug|Any CPU
		{1113F1F7-991F-4F5F-B7FD-5F631B50A9C4}.Release|Any CPU.ActiveCfg = Release|Any CPU
		{1113F1F7-991F-4F5F-B7FD-5F631B50A9C4}.Release|Any CPU.Build.0 = Release|Any CPU
		{7378F6C5-C005-486C-8C01-5256D6BBAD3F}.Debug|Any CPU.ActiveCfg = Debug|Any CPU
		{7378F6C5-C005-486C-8C01-5256D6BBAD3F}.Debug|Any CPU.Build.0 = Debug|Any CPU
		{7378F6C5-C005-486C-8C01-5256D6BBAD3F}.Release|Any CPU.ActiveCfg = Release|Any CPU
		{7378F6C5-C005-486C-8C01-5256D6BBAD3F}.Release|Any CPU.Build.0 = Release|Any CPU
	EndGlobalSection
	GlobalSection(SolutionProperties) = preSolution
		HideSolutionNode = FALSE
	EndGlobalSection
	GlobalSection(ExtensibilityGlobals) = postSolution
		SolutionGuid = {EBEA7ED7-8F0C-4442-B6AF-D1FB03EE36BE}
	EndGlobalSection
EndGlobal
